
Microsoft Visual Studio Solution File, Format Version 12.00
# Visual Studio 15
VisualStudioVersion = 15.0.28307.1062
MinimumVisualStudioVersion = 10.0.40219.1
Project("{FAE04EC0-301F-11D3-BF4B-00C04F79EFBC}") = "DataStructures", "DataStructures\DataStructures.csproj", "{FC984404-71A6-496B-BBC9-CB9ECBD6D35D}"
EndProject
Global
	GlobalSection(SolutionConfigurationPlatforms) = preSolution
		Debug|Any CPU = Debug|Any CPU
		Release|Any CPU = Release|Any CPU
	EndGlobalSection
	GlobalSection(ProjectConfigurationPlatforms) = postSolution
		{FC984404-71A6-496B-BBC9-CB9ECBD6D35D}.Debug|Any CPU.ActiveCfg = Debug|Any CPU
		{FC984404-71A6-496B-BBC9-CB9ECBD6D35D}.Debug|Any CPU.Build.0 = Debug|Any CPU
		{FC984404-71A6-496B-BBC9-CB9ECBD6D35D}.Release|Any CPU.ActiveCfg = Release|Any CPU
		{FC984404-71A6-496B-BBC9-CB9ECBD6D35D}.Release|Any CPU.Build.0 = Release|Any CPU
	EndGlobalSection
	GlobalSection(SolutionProperties) = preSolution
		HideSolutionNode = FALSE
	EndGlobalSection
	GlobalSection(ExtensibilityGlobals) = postSolution
		SolutionGuid = {0F123BA6-2D06-4C03-A553-619DED870E84}
	EndGlobalSection
EndGlobal
